// !$*UTF8*$!
{
	archiveVersion = 1;
	classes = {
	};
	objectVersion = 46;
	objects = {

/* Begin PBXBuildFile section */
		2214528618C5CDBA00CA0986 /* ALiWiFiNetworksTableViewController.m in Sources */ = {isa = PBXBuildFile; fileRef = 2214528518C5CDBA00CA0986 /* ALiWiFiNetworksTableViewController.m */; };
		2214528918C5D65900CA0986 /* ALiWiFiNetwork.m in Sources */ = {isa = PBXBuildFile; fileRef = 2214528818C5D65900CA0986 /* ALiWiFiNetwork.m */; };
		2214528F18C6110C00CA0986 /* ALiWiFiNetworkPasswordTableViewController.m in Sources */ = {isa = PBXBuildFile; fileRef = 2214528E18C6110C00CA0986 /* ALiWiFiNetworkPasswordTableViewController.m */; };
		227F9F4218D88EDE00C4C9F8 /* ALiLiveStreamserversTableViewController.m in Sources */ = {isa = PBXBuildFile; fileRef = 227F9F4118D88EDE00C4C9F8 /* ALiLiveStreamserversTableViewController.m */; };
		227F9F4518D8912600C4C9F8 /* ALiSSDPDevice.m in Sources */ = {isa = PBXBuildFile; fileRef = 227F9F4418D8912600C4C9F8 /* ALiSSDPDevice.m */; };
		227F9F4818D8955700C4C9F8 /* ALiSatipServer.m in Sources */ = {isa = PBXBuildFile; fileRef = 227F9F4718D8955700C4C9F8 /* ALiSatipServer.m */; };
		227F9F4A18D9998F00C4C9F8 /* Background@2x.png in Resources */ = {isa = PBXBuildFile; fileRef = 227F9F4918D9998F00C4C9F8 /* Background@2x.png */; };
		227F9F4D18D9A89800C4C9F8 /* ALiPlaybackTableViewController.m in Sources */ = {isa = PBXBuildFile; fileRef = 227F9F4C18D9A89800C4C9F8 /* ALiPlaybackTableViewController.m */; };
		22B7F40318C4BDE800ADD9B1 /* Applications.png in Resources */ = {isa = PBXBuildFile; fileRef = 22B7F40118C4BDE800ADD9B1 /* Applications.png */; };
		22B7F40418C4BDE800ADD9B1 /* Applications@2x.png in Resources */ = {isa = PBXBuildFile; fileRef = 22B7F40218C4BDE800ADD9B1 /* Applications@2x.png */; };
		22B7F40718C4C17100ADD9B1 /* ALiApplicationViewController.m in Sources */ = {isa = PBXBuildFile; fileRef = 22B7F40618C4C17100ADD9B1 /* ALiApplicationViewController.m */; };
		22B7F40A18C4CE2300ADD9B1 /* Control.png in Resources */ = {isa = PBXBuildFile; fileRef = 22B7F40818C4CE2300ADD9B1 /* Control.png */; };
		22B7F40B18C4CE2300ADD9B1 /* Control@2x.png in Resources */ = {isa = PBXBuildFile; fileRef = 22B7F40918C4CE2300ADD9B1 /* Control@2x.png */; };
		22B7F41418C4DCD000ADD9B1 /* ALiControlViewController.m in Sources */ = {isa = PBXBuildFile; fileRef = 22B7F41318C4DCD000ADD9B1 /* ALiControlViewController.m */; };
		22B7F41718C4E40200ADD9B1 /* ALiveNavigationViewController.m in Sources */ = {isa = PBXBuildFile; fileRef = 22B7F41618C4E40200ADD9B1 /* ALiveNavigationViewController.m */; };
		22CEC05318B796920031DB99 /* Foundation.framework in Frameworks */ = {isa = PBXBuildFile; fileRef = 22CEC05218B796920031DB99 /* Foundation.framework */; };
		22CEC05518B796920031DB99 /* CoreGraphics.framework in Frameworks */ = {isa = PBXBuildFile; fileRef = 22CEC05418B796920031DB99 /* CoreGraphics.framework */; };
		22CEC05718B796920031DB99 /* UIKit.framework in Frameworks */ = {isa = PBXBuildFile; fileRef = 22CEC05618B796920031DB99 /* UIKit.framework */; };
		22CEC05D18B796920031DB99 /* InfoPlist.strings in Resources */ = {isa = PBXBuildFile; fileRef = 22CEC05B18B796920031DB99 /* InfoPlist.strings */; };
		22CEC05F18B796920031DB99 /* main.m in Sources */ = {isa = PBXBuildFile; fileRef = 22CEC05E18B796920031DB99 /* main.m */; };
		22CEC06318B796920031DB99 /* ALiAppDelegate.m in Sources */ = {isa = PBXBuildFile; fileRef = 22CEC06218B796920031DB99 /* ALiAppDelegate.m */; };
		22CEC06618B796920031DB99 /* Main.storyboard in Resources */ = {isa = PBXBuildFile; fileRef = 22CEC06418B796920031DB99 /* Main.storyboard */; };
		22CEC06B18B796930031DB99 /* Images.xcassets in Resources */ = {isa = PBXBuildFile; fileRef = 22CEC06A18B796930031DB99 /* Images.xcassets */; };
		22CEC07218B796930031DB99 /* XCTest.framework in Frameworks */ = {isa = PBXBuildFile; fileRef = 22CEC07118B796930031DB99 /* XCTest.framework */; };
		22CEC07318B796930031DB99 /* Foundation.framework in Frameworks */ = {isa = PBXBuildFile; fileRef = 22CEC05218B796920031DB99 /* Foundation.framework */; };
		22CEC07418B796930031DB99 /* UIKit.framework in Frameworks */ = {isa = PBXBuildFile; fileRef = 22CEC05618B796920031DB99 /* UIKit.framework */; };
		22CEC07C18B796930031DB99 /* InfoPlist.strings in Resources */ = {isa = PBXBuildFile; fileRef = 22CEC07A18B796930031DB99 /* InfoPlist.strings */; };
		22CEC07E18B796930031DB99 /* NMPRemoteTests.m in Sources */ = {isa = PBXBuildFile; fileRef = 22CEC07D18B796930031DB99 /* NMPRemoteTests.m */; };
		22CEC08918B798A90031DB99 /* GCDAsyncUdpSocket.m in Sources */ = {isa = PBXBuildFile; fileRef = 22CEC08818B798A90031DB99 /* GCDAsyncUdpSocket.m */; };
		22CEC08B18B7ACE30031DB99 /* ALiViewController.m in Sources */ = {isa = PBXBuildFile; fileRef = 22CEC08A18B7ACE30031DB99 /* ALiViewController.m */; };
		22CEC08E18B7B0C50031DB99 /* ALiNoDongleViewController.m in Sources */ = {isa = PBXBuildFile; fileRef = 22CEC08D18B7B0C50031DB99 /* ALiNoDongleViewController.m */; };
		22CEC09718B7B3B80031DB99 /* ALiDongleSelectionTableViewcontroller.m in Sources */ = {isa = PBXBuildFile; fileRef = 22CEC09618B7B3B80031DB99 /* ALiDongleSelectionTableViewcontroller.m */; };
		22CEC0A118BB5FD00031DB99 /* Settings.png in Resources */ = {isa = PBXBuildFile; fileRef = 22CEC09F18BB5FD00031DB99 /* Settings.png */; };
		22CEC0A218BB5FD00031DB99 /* Settings@2x.png in Resources */ = {isa = PBXBuildFile; fileRef = 22CEC0A018BB5FD00031DB99 /* Settings@2x.png */; };
		22CEC0A418BB65D70031DB99 /* Live.png in Resources */ = {isa = PBXBuildFile; fileRef = 22CEC0A318BB65D70031DB99 /* Live.png */; };
		22CEC0A618BB66CA0031DB99 /* Live@2x.png in Resources */ = {isa = PBXBuildFile; fileRef = 22CEC0A518BB66CA0031DB99 /* Live@2x.png */; };
		22CEC0A918BB7B0D0031DB99 /* Playback.png in Resources */ = {isa = PBXBuildFile; fileRef = 22CEC0A718BB7B0D0031DB99 /* Playback.png */; };
		22CEC0AA18BB7B0D0031DB99 /* Playback@2x.png in Resources */ = {isa = PBXBuildFile; fileRef = 22CEC0A818BB7B0D0031DB99 /* Playback@2x.png */; };
		22CEC0AD18BB9E320031DB99 /* ALiDongle.m in Sources */ = {isa = PBXBuildFile; fileRef = 22CEC0AC18BB9E320031DB99 /* ALiDongle.m */; };
		22CEC0B018BC9CF30031DB99 /* ALiJSONCmd.m in Sources */ = {isa = PBXBuildFile; fileRef = 22CEC0AF18BC9CF30031DB99 /* ALiJSONCmd.m */; };
		22CEC0B318BCB7A70031DB99 /* ALiSettingsTableViewController.m in Sources */ = {isa = PBXBuildFile; fileRef = 22CEC0B218BCB7A70031DB99 /* ALiSettingsTableViewController.m */; };
		22FCA11A18C096C20085CAC3 /* Abilis.m3u in Resources */ = {isa = PBXBuildFile; fileRef = 22FCA11718C096C10085CAC3 /* Abilis.m3u */; };
		22FCA11B18C096C20085CAC3 /* Cable-Demo.m3u in Resources */ = {isa = PBXBuildFile; fileRef = 22FCA11818C096C20085CAC3 /* Cable-Demo.m3u */; };
		22FCA11C18C096C20085CAC3 /* mux_fr2.m3u in Resources */ = {isa = PBXBuildFile; fileRef = 22FCA11918C096C20085CAC3 /* mux_fr2.m3u */; };
		22FCA12018C097B70085CAC3 /* ALiLiveTableViewController.m in Sources */ = {isa = PBXBuildFile; fileRef = 22FCA11F18C097B70085CAC3 /* ALiLiveTableViewController.m */; };
		22FCA12318C0994F0085CAC3 /* ALiM3uParser.m in Sources */ = {isa = PBXBuildFile; fileRef = 22FCA12218C0994F0085CAC3 /* ALiM3uParser.m */; };
		22FCA12618C0BD1E0085CAC3 /* ALiM3uItem.m in Sources */ = {isa = PBXBuildFile; fileRef = 22FCA12518C0BD1E0085CAC3 /* ALiM3uItem.m */; };
		E03DF1A918D1FB10008E7BA0 /* ALiSSDPClient.m in Sources */ = {isa = PBXBuildFile; fileRef = E03DF1A818D1FB10008E7BA0 /* ALiSSDPClient.m */; };
		E0EA80D518D9D4CA00CE00D7 /* ALiRTSPSession.m in Sources */ = {isa = PBXBuildFile; fileRef = E0EA80D418D9D4CA00CE00D7 /* ALiRTSPSession.m */; };
		E0EA80D818DA062800CE00D7 /* GCDAsyncSocket.m in Sources */ = {isa = PBXBuildFile; fileRef = E0EA80D718DA062800CE00D7 /* GCDAsyncSocket.m */; };
/* End PBXBuildFile section */

/* Begin PBXContainerItemProxy section */
		22CEC07518B796930031DB99 /* PBXContainerItemProxy */ = {
			isa = PBXContainerItemProxy;
			containerPortal = 22CEC04718B796920031DB99 /* Project object */;
			proxyType = 1;
			remoteGlobalIDString = 22CEC04E18B796920031DB99;
			remoteInfo = NMPRemote;
		};
/* End PBXContainerItemProxy section */

/* Begin PBXFileReference section */
		2214528418C5CDBA00CA0986 /* ALiWiFiNetworksTableViewController.h */ = {isa = PBXFileReference; fileEncoding = 4; lastKnownFileType = sourcecode.c.h; path = ALiWiFiNetworksTableViewController.h; sourceTree = "<group>"; };
		2214528518C5CDBA00CA0986 /* ALiWiFiNetworksTableViewController.m */ = {isa = PBXFileReference; fileEncoding = 4; lastKnownFileType = sourcecode.c.objc; path = ALiWiFiNetworksTableViewController.m; sourceTree = "<group>"; };
		2214528718C5D65900CA0986 /* ALiWiFiNetwork.h */ = {isa = PBXFileReference; fileEncoding = 4; lastKnownFileType = sourcecode.c.h; path = ALiWiFiNetwork.h; sourceTree = "<group>"; };
		2214528818C5D65900CA0986 /* ALiWiFiNetwork.m */ = {isa = PBXFileReference; fileEncoding = 4; lastKnownFileType = sourcecode.c.objc; path = ALiWiFiNetwork.m; sourceTree = "<group>"; };
		2214528D18C6110C00CA0986 /* ALiWiFiNetworkPasswordTableViewController.h */ = {isa = PBXFileReference; fileEncoding = 4; lastKnownFileType = sourcecode.c.h; path = ALiWiFiNetworkPasswordTableViewController.h; sourceTree = "<group>"; };
		2214528E18C6110C00CA0986 /* ALiWiFiNetworkPasswordTableViewController.m */ = {isa = PBXFileReference; fileEncoding = 4; lastKnownFileType = sourcecode.c.objc; path = ALiWiFiNetworkPasswordTableViewController.m; sourceTree = "<group>"; };
		227F9F4018D88EDE00C4C9F8 /* ALiLiveStreamserversTableViewController.h */ = {isa = PBXFileReference; fileEncoding = 4; lastKnownFileType = sourcecode.c.h; path = ALiLiveStreamserversTableViewController.h; sourceTree = "<group>"; };
		227F9F4118D88EDE00C4C9F8 /* ALiLiveStreamserversTableViewController.m */ = {isa = PBXFileReference; fileEncoding = 4; lastKnownFileType = sourcecode.c.objc; path = ALiLiveStreamserversTableViewController.m; sourceTree = "<group>"; };
		227F9F4318D8912600C4C9F8 /* ALiSSDPDevice.h */ = {isa = PBXFileReference; fileEncoding = 4; lastKnownFileType = sourcecode.c.h; path = ALiSSDPDevice.h; sourceTree = "<group>"; };
		227F9F4418D8912600C4C9F8 /* ALiSSDPDevice.m */ = {isa = PBXFileReference; fileEncoding = 4; lastKnownFileType = sourcecode.c.objc; path = ALiSSDPDevice.m; sourceTree = "<group>"; };
		227F9F4618D8955700C4C9F8 /* ALiSatipServer.h */ = {isa = PBXFileReference; fileEncoding = 4; lastKnownFileType = sourcecode.c.h; path = ALiSatipServer.h; sourceTree = "<group>"; };
		227F9F4718D8955700C4C9F8 /* ALiSatipServer.m */ = {isa = PBXFileReference; fileEncoding = 4; lastKnownFileType = sourcecode.c.objc; path = ALiSatipServer.m; sourceTree = "<group>"; };
		227F9F4918D9998F00C4C9F8 /* Background@2x.png */ = {isa = PBXFileReference; lastKnownFileType = image.png; path = "Background@2x.png"; sourceTree = "<group>"; };
		227F9F4B18D9A89800C4C9F8 /* ALiPlaybackTableViewController.h */ = {isa = PBXFileReference; fileEncoding = 4; lastKnownFileType = sourcecode.c.h; path = ALiPlaybackTableViewController.h; sourceTree = "<group>"; };
		227F9F4C18D9A89800C4C9F8 /* ALiPlaybackTableViewController.m */ = {isa = PBXFileReference; fileEncoding = 4; lastKnownFileType = sourcecode.c.objc; path = ALiPlaybackTableViewController.m; sourceTree = "<group>"; };
		22B7F40118C4BDE800ADD9B1 /* Applications.png */ = {isa = PBXFileReference; lastKnownFileType = image.png; path = Applications.png; sourceTree = "<group>"; };
		22B7F40218C4BDE800ADD9B1 /* Applications@2x.png */ = {isa = PBXFileReference; lastKnownFileType = image.png; path = "Applications@2x.png"; sourceTree = "<group>"; };
		22B7F40518C4C17100ADD9B1 /* ALiApplicationViewController.h */ = {isa = PBXFileReference; fileEncoding = 4; lastKnownFileType = sourcecode.c.h; name = ALiApplicationViewController.h; path = Images/ALiApplicationViewController.h; sourceTree = "<group>"; };
		22B7F40618C4C17100ADD9B1 /* ALiApplicationViewController.m */ = {isa = PBXFileReference; fileEncoding = 4; lastKnownFileType = sourcecode.c.objc; name = ALiApplicationViewController.m; path = Images/ALiApplicationViewController.m; sourceTree = "<group>"; };
		22B7F40818C4CE2300ADD9B1 /* Control.png */ = {isa = PBXFileReference; lastKnownFileType = image.png; path = Control.png; sourceTree = "<group>"; };
		22B7F40918C4CE2300ADD9B1 /* Control@2x.png */ = {isa = PBXFileReference; lastKnownFileType = image.png; path = "Control@2x.png"; sourceTree = "<group>"; };
		22B7F41218C4DCD000ADD9B1 /* ALiControlViewController.h */ = {isa = PBXFileReference; fileEncoding = 4; lastKnownFileType = sourcecode.c.h; name = ALiControlViewController.h; path = ../ALiControlViewController.h; sourceTree = "<group>"; };
		22B7F41318C4DCD000ADD9B1 /* ALiControlViewController.m */ = {isa = PBXFileReference; fileEncoding = 4; lastKnownFileType = sourcecode.c.objc; name = ALiControlViewController.m; path = ../ALiControlViewController.m; sourceTree = "<group>"; };
		22B7F41518C4E40200ADD9B1 /* ALiveNavigationViewController.h */ = {isa = PBXFileReference; fileEncoding = 4; lastKnownFileType = sourcecode.c.h; path = ALiveNavigationViewController.h; sourceTree = "<group>"; };
		22B7F41618C4E40200ADD9B1 /* ALiveNavigationViewController.m */ = {isa = PBXFileReference; fileEncoding = 4; lastKnownFileType = sourcecode.c.objc; path = ALiveNavigationViewController.m; sourceTree = "<group>"; };
		22CEC04F18B796920031DB99 /* NMPRemote.app */ = {isa = PBXFileReference; explicitFileType = wrapper.application; includeInIndex = 0; path = NMPRemote.app; sourceTree = BUILT_PRODUCTS_DIR; };
		22CEC05218B796920031DB99 /* Foundation.framework */ = {isa = PBXFileReference; lastKnownFileType = wrapper.framework; name = Foundation.framework; path = System/Library/Frameworks/Foundation.framework; sourceTree = SDKROOT; };
		22CEC05418B796920031DB99 /* CoreGraphics.framework */ = {isa = PBXFileReference; lastKnownFileType = wrapper.framework; name = CoreGraphics.framework; path = System/Library/Frameworks/CoreGraphics.framework; sourceTree = SDKROOT; };
		22CEC05618B796920031DB99 /* UIKit.framework */ = {isa = PBXFileReference; lastKnownFileType = wrapper.framework; name = UIKit.framework; path = System/Library/Frameworks/UIKit.framework; sourceTree = SDKROOT; };
		22CEC05A18B796920031DB99 /* NMPRemote-Info.plist */ = {isa = PBXFileReference; lastKnownFileType = text.plist.xml; path = "NMPRemote-Info.plist"; sourceTree = "<group>"; };
		22CEC05C18B796920031DB99 /* en */ = {isa = PBXFileReference; lastKnownFileType = text.plist.strings; name = en; path = en.lproj/InfoPlist.strings; sourceTree = "<group>"; };
		22CEC05E18B796920031DB99 /* main.m */ = {isa = PBXFileReference; lastKnownFileType = sourcecode.c.objc; path = main.m; sourceTree = "<group>"; };
		22CEC06018B796920031DB99 /* NMPRemote-Prefix.pch */ = {isa = PBXFileReference; lastKnownFileType = sourcecode.c.h; path = "NMPRemote-Prefix.pch"; sourceTree = "<group>"; };
		22CEC06118B796920031DB99 /* ALiAppDelegate.h */ = {isa = PBXFileReference; lastKnownFileType = sourcecode.c.h; path = ALiAppDelegate.h; sourceTree = "<group>"; };
		22CEC06218B796920031DB99 /* ALiAppDelegate.m */ = {isa = PBXFileReference; lastKnownFileType = sourcecode.c.objc; path = ALiAppDelegate.m; sourceTree = "<group>"; };
		22CEC06518B796920031DB99 /* Base */ = {isa = PBXFileReference; lastKnownFileType = file.storyboard; name = Base; path = Base.lproj/Main.storyboard; sourceTree = "<group>"; };
		22CEC06718B796920031DB99 /* ALiViewController.h */ = {isa = PBXFileReference; lastKnownFileType = sourcecode.c.h; path = ALiViewController.h; sourceTree = "<group>"; };
		22CEC06A18B796930031DB99 /* Images.xcassets */ = {isa = PBXFileReference; lastKnownFileType = folder.assetcatalog; path = Images.xcassets; sourceTree = "<group>"; };
		22CEC07018B796930031DB99 /* NMPRemoteTests.xctest */ = {isa = PBXFileReference; explicitFileType = wrapper.cfbundle; includeInIndex = 0; path = NMPRemoteTests.xctest; sourceTree = BUILT_PRODUCTS_DIR; };
		22CEC07118B796930031DB99 /* XCTest.framework */ = {isa = PBXFileReference; lastKnownFileType = wrapper.framework; name = XCTest.framework; path = Library/Frameworks/XCTest.framework; sourceTree = DEVELOPER_DIR; };
		22CEC07918B796930031DB99 /* NMPRemoteTests-Info.plist */ = {isa = PBXFileReference; lastKnownFileType = text.plist.xml; path = "NMPRemoteTests-Info.plist"; sourceTree = "<group>"; };
		22CEC07B18B796930031DB99 /* en */ = {isa = PBXFileReference; lastKnownFileType = text.plist.strings; name = en; path = en.lproj/InfoPlist.strings; sourceTree = "<group>"; };
		22CEC07D18B796930031DB99 /* NMPRemoteTests.m */ = {isa = PBXFileReference; lastKnownFileType = sourcecode.c.objc; path = NMPRemoteTests.m; sourceTree = "<group>"; };
		22CEC08718B798A90031DB99 /* GCDAsyncUdpSocket.h */ = {isa = PBXFileReference; fileEncoding = 4; lastKnownFileType = sourcecode.c.h; path = GCDAsyncUdpSocket.h; sourceTree = "<group>"; };
		22CEC08818B798A90031DB99 /* GCDAsyncUdpSocket.m */ = {isa = PBXFileReference; fileEncoding = 4; lastKnownFileType = sourcecode.c.objc; path = GCDAsyncUdpSocket.m; sourceTree = "<group>"; };
		22CEC08A18B7ACE30031DB99 /* ALiViewController.m */ = {isa = PBXFileReference; fileEncoding = 4; lastKnownFileType = sourcecode.c.objc; path = ALiViewController.m; sourceTree = "<group>"; };
		22CEC08C18B7B0C50031DB99 /* ALiNoDongleViewController.h */ = {isa = PBXFileReference; fileEncoding = 4; lastKnownFileType = sourcecode.c.h; path = ALiNoDongleViewController.h; sourceTree = "<group>"; };
		22CEC08D18B7B0C50031DB99 /* ALiNoDongleViewController.m */ = {isa = PBXFileReference; fileEncoding = 4; lastKnownFileType = sourcecode.c.objc; path = ALiNoDongleViewController.m; sourceTree = "<group>"; };
		22CEC09518B7B3B80031DB99 /* ALiDongleSelectionTableViewcontroller.h */ = {isa = PBXFileReference; fileEncoding = 4; lastKnownFileType = sourcecode.c.h; path = ALiDongleSelectionTableViewcontroller.h; sourceTree = "<group>"; };
		22CEC09618B7B3B80031DB99 /* ALiDongleSelectionTableViewcontroller.m */ = {isa = PBXFileReference; fileEncoding = 4; lastKnownFileType = sourcecode.c.objc; path = ALiDongleSelectionTableViewcontroller.m; sourceTree = "<group>"; };
		22CEC09F18BB5FD00031DB99 /* Settings.png */ = {isa = PBXFileReference; lastKnownFileType = image.png; path = Settings.png; sourceTree = "<group>"; };
		22CEC0A018BB5FD00031DB99 /* Settings@2x.png */ = {isa = PBXFileReference; lastKnownFileType = image.png; path = "Settings@2x.png"; sourceTree = "<group>"; };
		22CEC0A318BB65D70031DB99 /* Live.png */ = {isa = PBXFileReference; lastKnownFileType = image.png; path = Live.png; sourceTree = "<group>"; };
		22CEC0A518BB66CA0031DB99 /* Live@2x.png */ = {isa = PBXFileReference; lastKnownFileType = image.png; path = "Live@2x.png"; sourceTree = "<group>"; };
		22CEC0A718BB7B0D0031DB99 /* Playback.png */ = {isa = PBXFileReference; lastKnownFileType = image.png; path = Playback.png; sourceTree = "<group>"; };
		22CEC0A818BB7B0D0031DB99 /* Playback@2x.png */ = {isa = PBXFileReference; lastKnownFileType = image.png; path = "Playback@2x.png"; sourceTree = "<group>"; };
		22CEC0AB18BB9E320031DB99 /* ALiDongle.h */ = {isa = PBXFileReference; fileEncoding = 4; lastKnownFileType = sourcecode.c.h; path = ALiDongle.h; sourceTree = "<group>"; };
		22CEC0AC18BB9E320031DB99 /* ALiDongle.m */ = {isa = PBXFileReference; fileEncoding = 4; lastKnownFileType = sourcecode.c.objc; path = ALiDongle.m; sourceTree = "<group>"; };
		22CEC0AE18BC9CF30031DB99 /* ALiJSONCmd.h */ = {isa = PBXFileReference; fileEncoding = 4; lastKnownFileType = sourcecode.c.h; path = ALiJSONCmd.h; sourceTree = "<group>"; };
		22CEC0AF18BC9CF30031DB99 /* ALiJSONCmd.m */ = {isa = PBXFileReference; fileEncoding = 4; lastKnownFileType = sourcecode.c.objc; path = ALiJSONCmd.m; sourceTree = "<group>"; };
		22CEC0B118BCB7A70031DB99 /* ALiSettingsTableViewController.h */ = {isa = PBXFileReference; fileEncoding = 4; lastKnownFileType = sourcecode.c.h; path = ALiSettingsTableViewController.h; sourceTree = "<group>"; };
		22CEC0B218BCB7A70031DB99 /* ALiSettingsTableViewController.m */ = {isa = PBXFileReference; fileEncoding = 4; lastKnownFileType = sourcecode.c.objc; path = ALiSettingsTableViewController.m; sourceTree = "<group>"; };
		22FCA11718C096C10085CAC3 /* Abilis.m3u */ = {isa = PBXFileReference; fileEncoding = 4; lastKnownFileType = text; path = Abilis.m3u; sourceTree = "<group>"; };
		22FCA11818C096C20085CAC3 /* Cable-Demo.m3u */ = {isa = PBXFileReference; fileEncoding = 4; lastKnownFileType = text; path = "Cable-Demo.m3u"; sourceTree = "<group>"; };
		22FCA11918C096C20085CAC3 /* mux_fr2.m3u */ = {isa = PBXFileReference; fileEncoding = 4; lastKnownFileType = text; path = mux_fr2.m3u; sourceTree = "<group>"; };
		22FCA11E18C097B70085CAC3 /* ALiLiveTableViewController.h */ = {isa = PBXFileReference; fileEncoding = 4; lastKnownFileType = sourcecode.c.h; path = ALiLiveTableViewController.h; sourceTree = "<group>"; };
		22FCA11F18C097B70085CAC3 /* ALiLiveTableViewController.m */ = {isa = PBXFileReference; fileEncoding = 4; lastKnownFileType = sourcecode.c.objc; path = ALiLiveTableViewController.m; sourceTree = "<group>"; };
		22FCA12118C0994F0085CAC3 /* ALiM3uParser.h */ = {isa = PBXFileReference; fileEncoding = 4; lastKnownFileType = sourcecode.c.h; path = ALiM3uParser.h; sourceTree = "<group>"; };
		22FCA12218C0994F0085CAC3 /* ALiM3uParser.m */ = {isa = PBXFileReference; fileEncoding = 4; lastKnownFileType = sourcecode.c.objc; path = ALiM3uParser.m; sourceTree = "<group>"; };
		22FCA12418C0BD1E0085CAC3 /* ALiM3uItem.h */ = {isa = PBXFileReference; fileEncoding = 4; lastKnownFileType = sourcecode.c.h; name = ALiM3uItem.h; path = ../ALiM3uItem.h; sourceTree = "<group>"; };
		22FCA12518C0BD1E0085CAC3 /* ALiM3uItem.m */ = {isa = PBXFileReference; fileEncoding = 4; lastKnownFileType = sourcecode.c.objc; name = ALiM3uItem.m; path = ../ALiM3uItem.m; sourceTree = "<group>"; };
		E03DF1A718D1FB10008E7BA0 /* ALiSSDPClient.h */ = {isa = PBXFileReference; fileEncoding = 4; lastKnownFileType = sourcecode.c.h; path = ALiSSDPClient.h; sourceTree = "<group>"; };
		E03DF1A818D1FB10008E7BA0 /* ALiSSDPClient.m */ = {isa = PBXFileReference; fileEncoding = 4; lastKnownFileType = sourcecode.c.objc; path = ALiSSDPClient.m; sourceTree = "<group>"; };
		E0EA80D318D9D4CA00CE00D7 /* ALiRTSPSession.h */ = {isa = PBXFileReference; fileEncoding = 4; lastKnownFileType = sourcecode.c.h; path = ALiRTSPSession.h; sourceTree = "<group>"; };
		E0EA80D418D9D4CA00CE00D7 /* ALiRTSPSession.m */ = {isa = PBXFileReference; fileEncoding = 4; lastKnownFileType = sourcecode.c.objc; path = ALiRTSPSession.m; sourceTree = "<group>"; };
		E0EA80D618DA062800CE00D7 /* GCDAsyncSocket.h */ = {isa = PBXFileReference; fileEncoding = 4; lastKnownFileType = sourcecode.c.h; name = GCDAsyncSocket.h; path = "../../../../Downloads/CocoaAsyncSocket-master/GCD/GCDAsyncSocket.h"; sourceTree = "<group>"; };
		E0EA80D718DA062800CE00D7 /* GCDAsyncSocket.m */ = {isa = PBXFileReference; fileEncoding = 4; lastKnownFileType = sourcecode.c.objc; name = GCDAsyncSocket.m; path = "../../../../Downloads/CocoaAsyncSocket-master/GCD/GCDAsyncSocket.m"; sourceTree = "<group>"; };
/* End PBXFileReference section */

/* Begin PBXFrameworksBuildPhase section */
		22CEC04C18B796920031DB99 /* Frameworks */ = {
			isa = PBXFrameworksBuildPhase;
			buildActionMask = 2147483647;
			files = (
				22CEC05518B796920031DB99 /* CoreGraphics.framework in Frameworks */,
				22CEC05718B796920031DB99 /* UIKit.framework in Frameworks */,
				22CEC05318B796920031DB99 /* Foundation.framework in Frameworks */,
			);
			runOnlyForDeploymentPostprocessing = 0;
		};
		22CEC06D18B796930031DB99 /* Frameworks */ = {
			isa = PBXFrameworksBuildPhase;
			buildActionMask = 2147483647;
			files = (
				22CEC07218B796930031DB99 /* XCTest.framework in Frameworks */,
				22CEC07418B796930031DB99 /* UIKit.framework in Frameworks */,
				22CEC07318B796930031DB99 /* Foundation.framework in Frameworks */,
			);
			runOnlyForDeploymentPostprocessing = 0;
		};
/* End PBXFrameworksBuildPhase section */

/* Begin PBXGroup section */
		22CEC04618B796920031DB99 = {
			isa = PBXGroup;
			children = (
				22CEC05818B796920031DB99 /* NMPRemote */,
				22CEC07718B796930031DB99 /* NMPRemoteTests */,
				22CEC05118B796920031DB99 /* Frameworks */,
				22CEC05018B796920031DB99 /* Products */,
			);
			sourceTree = "<group>";
		};
		22CEC05018B796920031DB99 /* Products */ = {
			isa = PBXGroup;
			children = (
				22CEC04F18B796920031DB99 /* NMPRemote.app */,
				22CEC07018B796930031DB99 /* NMPRemoteTests.xctest */,
			);
			name = Products;
			sourceTree = "<group>";
		};
		22CEC05118B796920031DB99 /* Frameworks */ = {
			isa = PBXGroup;
			children = (
				22CEC05218B796920031DB99 /* Foundation.framework */,
				22CEC05418B796920031DB99 /* CoreGraphics.framework */,
				22CEC05618B796920031DB99 /* UIKit.framework */,
				22CEC07118B796930031DB99 /* XCTest.framework */,
			);
			name = Frameworks;
			sourceTree = "<group>";
		};
		22CEC05818B796920031DB99 /* NMPRemote */ = {
			isa = PBXGroup;
			children = (
				22FCA12418C0BD1E0085CAC3 /* ALiM3uItem.h */,
				22FCA12518C0BD1E0085CAC3 /* ALiM3uItem.m */,
				22FCA12118C0994F0085CAC3 /* ALiM3uParser.h */,
				22FCA12218C0994F0085CAC3 /* ALiM3uParser.m */,
				2214528718C5D65900CA0986 /* ALiWiFiNetwork.h */,
				2214528818C5D65900CA0986 /* ALiWiFiNetwork.m */,
				22CEC0AB18BB9E320031DB99 /* ALiDongle.h */,
				22CEC0AC18BB9E320031DB99 /* ALiDongle.m */,
				22CEC0AE18BC9CF30031DB99 /* ALiJSONCmd.h */,
				22CEC0AF18BC9CF30031DB99 /* ALiJSONCmd.m */,
				E0EA80D618DA062800CE00D7 /* GCDAsyncSocket.h */,
				E0EA80D718DA062800CE00D7 /* GCDAsyncSocket.m */,
				22CEC08718B798A90031DB99 /* GCDAsyncUdpSocket.h */,
				22CEC08818B798A90031DB99 /* GCDAsyncUdpSocket.m */,
				22CEC06118B796920031DB99 /* ALiAppDelegate.h */,
				22CEC06218B796920031DB99 /* ALiAppDelegate.m */,
				E03DF1A718D1FB10008E7BA0 /* ALiSSDPClient.h */,
				E03DF1A818D1FB10008E7BA0 /* ALiSSDPClient.m */,
				E0EA80D318D9D4CA00CE00D7 /* ALiRTSPSession.h */,
				E0EA80D418D9D4CA00CE00D7 /* ALiRTSPSession.m */,
				227F9F4318D8912600C4C9F8 /* ALiSSDPDevice.h */,
				227F9F4418D8912600C4C9F8 /* ALiSSDPDevice.m */,
				227F9F4618D8955700C4C9F8 /* ALiSatipServer.h */,
				227F9F4718D8955700C4C9F8 /* ALiSatipServer.m */,
				22FCA11D18C096C90085CAC3 /* m3u */,
				22CEC06418B796920031DB99 /* Main.storyboard */,
				22CEC06718B796920031DB99 /* ALiViewController.h */,
				22CEC08A18B7ACE30031DB99 /* ALiViewController.m */,
				22CEC09518B7B3B80031DB99 /* ALiDongleSelectionTableViewcontroller.h */,
				22CEC09618B7B3B80031DB99 /* ALiDongleSelectionTableViewcontroller.m */,
				22CEC08C18B7B0C50031DB99 /* ALiNoDongleViewController.h */,
				22CEC08D18B7B0C50031DB99 /* ALiNoDongleViewController.m */,
				22B7F41518C4E40200ADD9B1 /* ALiveNavigationViewController.h */,
				22B7F41618C4E40200ADD9B1 /* ALiveNavigationViewController.m */,
				22FCA11E18C097B70085CAC3 /* ALiLiveTableViewController.h */,
				22FCA11F18C097B70085CAC3 /* ALiLiveTableViewController.m */,
				227F9F4B18D9A89800C4C9F8 /* ALiPlaybackTableViewController.h */,
				227F9F4C18D9A89800C4C9F8 /* ALiPlaybackTableViewController.m */,
				22CEC0B118BCB7A70031DB99 /* ALiSettingsTableViewController.h */,
				22CEC0B218BCB7A70031DB99 /* ALiSettingsTableViewController.m */,
				2214528418C5CDBA00CA0986 /* ALiWiFiNetworksTableViewController.h */,
				2214528518C5CDBA00CA0986 /* ALiWiFiNetworksTableViewController.m */,
				2214528D18C6110C00CA0986 /* ALiWiFiNetworkPasswordTableViewController.h */,
				2214528E18C6110C00CA0986 /* ALiWiFiNetworkPasswordTableViewController.m */,
				227F9F4018D88EDE00C4C9F8 /* ALiLiveStreamserversTableViewController.h */,
				227F9F4118D88EDE00C4C9F8 /* ALiLiveStreamserversTableViewController.m */,
				22B7F40518C4C17100ADD9B1 /* ALiApplicationViewController.h */,
				22B7F40618C4C17100ADD9B1 /* ALiApplicationViewController.m */,
				22B7F41218C4DCD000ADD9B1 /* ALiControlViewController.h */,
				22B7F41318C4DCD000ADD9B1 /* ALiControlViewController.m */,
				22CEC09E18BB5FD00031DB99 /* Images */,
				22CEC06A18B796930031DB99 /* Images.xcassets */,
				22CEC05918B796920031DB99 /* Supporting Files */,
			);
			path = NMPRemote;
			sourceTree = "<group>";
		};
		22CEC05918B796920031DB99 /* Supporting Files */ = {
			isa = PBXGroup;
			children = (
				22CEC05A18B796920031DB99 /* NMPRemote-Info.plist */,
				22CEC05B18B796920031DB99 /* InfoPlist.strings */,
				22CEC05E18B796920031DB99 /* main.m */,
				22CEC06018B796920031DB99 /* NMPRemote-Prefix.pch */,
			);
			name = "Supporting Files";
			sourceTree = "<group>";
		};
		22CEC07718B796930031DB99 /* NMPRemoteTests */ = {
			isa = PBXGroup;
			children = (
				22CEC07D18B796930031DB99 /* NMPRemoteTests.m */,
				22CEC07818B796930031DB99 /* Supporting Files */,
			);
			path = NMPRemoteTests;
			sourceTree = "<group>";
		};
		22CEC07818B796930031DB99 /* Supporting Files */ = {
			isa = PBXGroup;
			children = (
				22CEC07918B796930031DB99 /* NMPRemoteTests-Info.plist */,
				22CEC07A18B796930031DB99 /* InfoPlist.strings */,
			);
			name = "Supporting Files";
			sourceTree = "<group>";
		};
		22CEC09E18BB5FD00031DB99 /* Images */ = {
			isa = PBXGroup;
			children = (
				227F9F4918D9998F00C4C9F8 /* Background@2x.png */,
				22B7F40818C4CE2300ADD9B1 /* Control.png */,
				22B7F40918C4CE2300ADD9B1 /* Control@2x.png */,
				22B7F40118C4BDE800ADD9B1 /* Applications.png */,
				22B7F40218C4BDE800ADD9B1 /* Applications@2x.png */,
				22CEC0A718BB7B0D0031DB99 /* Playback.png */,
				22CEC0A818BB7B0D0031DB99 /* Playback@2x.png */,
				22CEC0A518BB66CA0031DB99 /* Live@2x.png */,
				22CEC0A318BB65D70031DB99 /* Live.png */,
				22CEC09F18BB5FD00031DB99 /* Settings.png */,
				22CEC0A018BB5FD00031DB99 /* Settings@2x.png */,
			);
			path = Images;
			sourceTree = "<group>";
		};
		22FCA11D18C096C90085CAC3 /* m3u */ = {
			isa = PBXGroup;
			children = (
				22FCA11718C096C10085CAC3 /* Abilis.m3u */,
				22FCA11818C096C20085CAC3 /* Cable-Demo.m3u */,
				22FCA11918C096C20085CAC3 /* mux_fr2.m3u */,
			);
			name = m3u;
			path = ..;
			sourceTree = "<group>";
		};
/* End PBXGroup section */

/* Begin PBXNativeTarget section */
		22CEC04E18B796920031DB99 /* NMPRemote */ = {
			isa = PBXNativeTarget;
			buildConfigurationList = 22CEC08118B796930031DB99 /* Build configuration list for PBXNativeTarget "NMPRemote" */;
			buildPhases = (
				22CEC04B18B796920031DB99 /* Sources */,
				22CEC04C18B796920031DB99 /* Frameworks */,
				22CEC04D18B796920031DB99 /* Resources */,
			);
			buildRules = (
			);
			dependencies = (
			);
			name = NMPRemote;
			productName = NMPRemote;
			productReference = 22CEC04F18B796920031DB99 /* NMPRemote.app */;
			productType = "com.apple.product-type.application";
		};
		22CEC06F18B796930031DB99 /* NMPRemoteTests */ = {
			isa = PBXNativeTarget;
			buildConfigurationList = 22CEC08418B796930031DB99 /* Build configuration list for PBXNativeTarget "NMPRemoteTests" */;
			buildPhases = (
				22CEC06C18B796930031DB99 /* Sources */,
				22CEC06D18B796930031DB99 /* Frameworks */,
				22CEC06E18B796930031DB99 /* Resources */,
			);
			buildRules = (
			);
			dependencies = (
				22CEC07618B796930031DB99 /* PBXTargetDependency */,
			);
			name = NMPRemoteTests;
			productName = NMPRemoteTests;
			productReference = 22CEC07018B796930031DB99 /* NMPRemoteTests.xctest */;
			productType = "com.apple.product-type.bundle.unit-test";
		};
/* End PBXNativeTarget section */

/* Begin PBXProject section */
		22CEC04718B796920031DB99 /* Project object */ = {
			isa = PBXProject;
			attributes = {
				CLASSPREFIX = ALi;
				LastUpgradeCheck = 0500;
				ORGANIZATIONNAME = "Abilis Systems";
				TargetAttributes = {
					22CEC06F18B796930031DB99 = {
						TestTargetID = 22CEC04E18B796920031DB99;
					};
				};
			};
			buildConfigurationList = 22CEC04A18B796920031DB99 /* Build configuration list for PBXProject "NMPRemote" */;
			compatibilityVersion = "Xcode 3.2";
			developmentRegion = English;
			hasScannedForEncodings = 0;
			knownRegions = (
				en,
				Base,
			);
			mainGroup = 22CEC04618B796920031DB99;
			productRefGroup = 22CEC05018B796920031DB99 /* Products */;
			projectDirPath = "";
			projectRoot = "";
			targets = (
				22CEC04E18B796920031DB99 /* NMPRemote */,
				22CEC06F18B796930031DB99 /* NMPRemoteTests */,
			);
		};
/* End PBXProject section */

/* Begin PBXResourcesBuildPhase section */
		22CEC04D18B796920031DB99 /* Resources */ = {
			isa = PBXResourcesBuildPhase;
			buildActionMask = 2147483647;
			files = (
				22CEC0AA18BB7B0D0031DB99 /* Playback@2x.png in Resources */,
				22FCA11A18C096C20085CAC3 /* Abilis.m3u in Resources */,
				22B7F40A18C4CE2300ADD9B1 /* Control.png in Resources */,
				22CEC0A118BB5FD00031DB99 /* Settings.png in Resources */,
				22B7F40418C4BDE800ADD9B1 /* Applications@2x.png in Resources */,
				22FCA11B18C096C20085CAC3 /* Cable-Demo.m3u in Resources */,
				22B7F40318C4BDE800ADD9B1 /* Applications.png in Resources */,
				22CEC06B18B796930031DB99 /* Images.xcassets in Resources */,
				227F9F4A18D9998F00C4C9F8 /* Background@2x.png in Resources */,
				22FCA11C18C096C20085CAC3 /* mux_fr2.m3u in Resources */,
				22CEC0A218BB5FD00031DB99 /* Settings@2x.png in Resources */,
				22CEC0A418BB65D70031DB99 /* Live.png in Resources */,
				22CEC05D18B796920031DB99 /* InfoPlist.strings in Resources */,
				22B7F40B18C4CE2300ADD9B1 /* Control@2x.png in Resources */,
				22CEC06618B796920031DB99 /* Main.storyboard in Resources */,
				22CEC0A918BB7B0D0031DB99 /* Playback.png in Resources */,
				22CEC0A618BB66CA0031DB99 /* Live@2x.png in Resources */,
			);
			runOnlyForDeploymentPostprocessing = 0;
		};
		22CEC06E18B796930031DB99 /* Resources */ = {
			isa = PBXResourcesBuildPhase;
			buildActionMask = 2147483647;
			files = (
				22CEC07C18B796930031DB99 /* InfoPlist.strings in Resources */,
			);
			runOnlyForDeploymentPostprocessing = 0;
		};
/* End PBXResourcesBuildPhase section */

/* Begin PBXSourcesBuildPhase section */
		22CEC04B18B796920031DB99 /* Sources */ = {
			isa = PBXSourcesBuildPhase;
			buildActionMask = 2147483647;
			files = (
				22CEC0B318BCB7A70031DB99 /* ALiSettingsTableViewController.m in Sources */,
				2214528F18C6110C00CA0986 /* ALiWiFiNetworkPasswordTableViewController.m in Sources */,
				22CEC08E18B7B0C50031DB99 /* ALiNoDongleViewController.m in Sources */,
				227F9F4518D8912600C4C9F8 /* ALiSSDPDevice.m in Sources */,
				22CEC08918B798A90031DB99 /* GCDAsyncUdpSocket.m in Sources */,
				22CEC0B018BC9CF30031DB99 /* ALiJSONCmd.m in Sources */,
				E0EA80D818DA062800CE00D7 /* GCDAsyncSocket.m in Sources */,
				2214528918C5D65900CA0986 /* ALiWiFiNetwork.m in Sources */,
				22FCA12018C097B70085CAC3 /* ALiLiveTableViewController.m in Sources */,
				22FCA12618C0BD1E0085CAC3 /* ALiM3uItem.m in Sources */,
				227F9F4818D8955700C4C9F8 /* ALiSatipServer.m in Sources */,
				22CEC09718B7B3B80031DB99 /* ALiDongleSelectionTableViewcontroller.m in Sources */,
				22CEC05F18B796920031DB99 /* main.m in Sources */,
				E03DF1A918D1FB10008E7BA0 /* ALiSSDPClient.m in Sources */,
				2214528618C5CDBA00CA0986 /* ALiWiFiNetworksTableViewController.m in Sources */,
				22B7F40718C4C17100ADD9B1 /* ALiApplicationViewController.m in Sources */,
				22CEC0AD18BB9E320031DB99 /* ALiDongle.m in Sources */,
				227F9F4D18D9A89800C4C9F8 /* ALiPlaybackTableViewController.m in Sources */,
				22FCA12318C0994F0085CAC3 /* ALiM3uParser.m in Sources */,
				22B7F41418C4DCD000ADD9B1 /* ALiControlViewController.m in Sources */,
				22CEC08B18B7ACE30031DB99 /* ALiViewController.m in Sources */,
				22B7F41718C4E40200ADD9B1 /* ALiveNavigationViewController.m in Sources */,
				22CEC06318B796920031DB99 /* ALiAppDelegate.m in Sources */,
				E0EA80D518D9D4CA00CE00D7 /* ALiRTSPSession.m in Sources */,
				227F9F4218D88EDE00C4C9F8 /* ALiLiveStreamserversTableViewController.m in Sources */,
			);
			runOnlyForDeploymentPostprocessing = 0;
		};
		22CEC06C18B796930031DB99 /* Sources */ = {
			isa = PBXSourcesBuildPhase;
			buildActionMask = 2147483647;
			files = (
				22CEC07E18B796930031DB99 /* NMPRemoteTests.m in Sources */,
			);
			runOnlyForDeploymentPostprocessing = 0;
		};
/* End PBXSourcesBuildPhase section */

/* Begin PBXTargetDependency section */
		22CEC07618B796930031DB99 /* PBXTargetDependency */ = {
			isa = PBXTargetDependency;
			target = 22CEC04E18B796920031DB99 /* NMPRemote */;
			targetProxy = 22CEC07518B796930031DB99 /* PBXContainerItemProxy */;
		};
/* End PBXTargetDependency section */

/* Begin PBXVariantGroup section */
		22CEC05B18B796920031DB99 /* InfoPlist.strings */ = {
			isa = PBXVariantGroup;
			children = (
				22CEC05C18B796920031DB99 /* en */,
			);
			name = InfoPlist.strings;
			sourceTree = "<group>";
		};
		22CEC06418B796920031DB99 /* Main.storyboard */ = {
			isa = PBXVariantGroup;
			children = (
				22CEC06518B796920031DB99 /* Base */,
			);
			name = Main.storyboard;
			sourceTree = "<group>";
		};
		22CEC07A18B796930031DB99 /* InfoPlist.strings */ = {
			isa = PBXVariantGroup;
			children = (
				22CEC07B18B796930031DB99 /* en */,
			);
			name = InfoPlist.strings;
			sourceTree = "<group>";
		};
/* End PBXVariantGroup section */

/* Begin XCBuildConfiguration section */
		22CEC07F18B796930031DB99 /* Debug */ = {
			isa = XCBuildConfiguration;
			buildSettings = {
				ALWAYS_SEARCH_USER_PATHS = NO;
				ARCHS = "$(ARCHS_STANDARD_INCLUDING_64_BIT)";
				CLANG_CXX_LANGUAGE_STANDARD = "gnu++0x";
				CLANG_CXX_LIBRARY = "libc++";
				CLANG_ENABLE_MODULES = YES;
				CLANG_ENABLE_OBJC_ARC = YES;
				CLANG_WARN_BOOL_CONVERSION = YES;
				CLANG_WARN_CONSTANT_CONVERSION = YES;
				CLANG_WARN_DIRECT_OBJC_ISA_USAGE = YES_ERROR;
				CLANG_WARN_EMPTY_BODY = YES;
				CLANG_WARN_ENUM_CONVERSION = YES;
				CLANG_WARN_INT_CONVERSION = YES;
				CLANG_WARN_OBJC_ROOT_CLASS = YES_ERROR;
				CLANG_WARN__DUPLICATE_METHOD_MATCH = YES;
				"CODE_SIGN_IDENTITY[sdk=iphoneos*]" = "iPhone Developer";
				COPY_PHASE_STRIP = NO;
				GCC_C_LANGUAGE_STANDARD = gnu99;
				GCC_DYNAMIC_NO_PIC = NO;
				GCC_OPTIMIZATION_LEVEL = 0;
				GCC_PREPROCESSOR_DEFINITIONS = (
					"DEBUG=1",
					"$(inherited)",
				);
				GCC_SYMBOLS_PRIVATE_EXTERN = NO;
				GCC_WARN_64_TO_32_BIT_CONVERSION = YES;
				GCC_WARN_ABOUT_RETURN_TYPE = YES_ERROR;
				GCC_WARN_UNDECLARED_SELECTOR = YES;
				GCC_WARN_UNINITIALIZED_AUTOS = YES;
				GCC_WARN_UNUSED_FUNCTION = YES;
				GCC_WARN_UNUSED_VARIABLE = YES;
				IPHONEOS_DEPLOYMENT_TARGET = 7.0;
				ONLY_ACTIVE_ARCH = YES;
				SDKROOT = iphoneos;
			};
			name = Debug;
		};
		22CEC08018B796930031DB99 /* Release */ = {
			isa = XCBuildConfiguration;
			buildSettings = {
				ALWAYS_SEARCH_USER_PATHS = NO;
				ARCHS = "$(ARCHS_STANDARD_INCLUDING_64_BIT)";
				CLANG_CXX_LANGUAGE_STANDARD = "gnu++0x";
				CLANG_CXX_LIBRARY = "libc++";
				CLANG_ENABLE_MODULES = YES;
				CLANG_ENABLE_OBJC_ARC = YES;
				CLANG_WARN_BOOL_CONVERSION = YES;
				CLANG_WARN_CONSTANT_CONVERSION = YES;
				CLANG_WARN_DIRECT_OBJC_ISA_USAGE = YES_ERROR;
				CLANG_WARN_EMPTY_BODY = YES;
				CLANG_WARN_ENUM_CONVERSION = YES;
				CLANG_WARN_INT_CONVERSION = YES;
				CLANG_WARN_OBJC_ROOT_CLASS = YES_ERROR;
				CLANG_WARN__DUPLICATE_METHOD_MATCH = YES;
				"CODE_SIGN_IDENTITY[sdk=iphoneos*]" = "iPhone Developer";
				COPY_PHASE_STRIP = YES;
				ENABLE_NS_ASSERTIONS = NO;
				GCC_C_LANGUAGE_STANDARD = gnu99;
				GCC_WARN_64_TO_32_BIT_CONVERSION = YES;
				GCC_WARN_ABOUT_RETURN_TYPE = YES_ERROR;
				GCC_WARN_UNDECLARED_SELECTOR = YES;
				GCC_WARN_UNINITIALIZED_AUTOS = YES;
				GCC_WARN_UNUSED_FUNCTION = YES;
				GCC_WARN_UNUSED_VARIABLE = YES;
				IPHONEOS_DEPLOYMENT_TARGET = 7.0;
				SDKROOT = iphoneos;
				VALIDATE_PRODUCT = YES;
			};
			name = Release;
		};
		22CEC08218B796930031DB99 /* Debug */ = {
			isa = XCBuildConfiguration;
			buildSettings = {
				ASSETCATALOG_COMPILER_APPICON_NAME = AppIcon;
				ASSETCATALOG_COMPILER_LAUNCHIMAGE_NAME = LaunchImage;
				GCC_PRECOMPILE_PREFIX_HEADER = YES;
				GCC_PREFIX_HEADER = "NMPRemote/NMPRemote-Prefix.pch";
				INFOPLIST_FILE = "NMPRemote/NMPRemote-Info.plist";
				PRODUCT_NAME = "$(TARGET_NAME)";
				WRAPPER_EXTENSION = app;
			};
			name = Debug;
		};
		22CEC08318B796930031DB99 /* Release */ = {
			isa = XCBuildConfiguration;
			buildSettings = {
				ASSETCATALOG_COMPILER_APPICON_NAME = AppIcon;
				ASSETCATALOG_COMPILER_LAUNCHIMAGE_NAME = LaunchImage;
				GCC_PRECOMPILE_PREFIX_HEADER = YES;
				GCC_PREFIX_HEADER = "NMPRemote/NMPRemote-Prefix.pch";
				INFOPLIST_FILE = "NMPRemote/NMPRemote-Info.plist";
				PRODUCT_NAME = "$(TARGET_NAME)";
				WRAPPER_EXTENSION = app;
			};
			name = Release;
		};
		22CEC08518B796930031DB99 /* Debug */ = {
			isa = XCBuildConfiguration;
			buildSettings = {
				ARCHS = "$(ARCHS_STANDARD_INCLUDING_64_BIT)";
				BUNDLE_LOADER = "$(BUILT_PRODUCTS_DIR)/NMPRemote.app/NMPRemote";
				FRAMEWORK_SEARCH_PATHS = (
					"$(SDKROOT)/Developer/Library/Frameworks",
					"$(inherited)",
					"$(DEVELOPER_FRAMEWORKS_DIR)",
				);
				GCC_PRECOMPILE_PREFIX_HEADER = YES;
				GCC_PREFIX_HEADER = "NMPRemote/NMPRemote-Prefix.pch";
				GCC_PREPROCESSOR_DEFINITIONS = (
					"DEBUG=1",
					"$(inherited)",
				);
				INFOPLIST_FILE = "NMPRemoteTests/NMPRemoteTests-Info.plist";
				PRODUCT_NAME = "$(TARGET_NAME)";
				TEST_HOST = "$(BUNDLE_LOADER)";
				WRAPPER_EXTENSION = xctest;
			};
			name = Debug;
		};
		22CEC08618B796930031DB99 /* Release */ = {
			isa = XCBuildConfiguration;
			buildSettings = {
				ARCHS = "$(ARCHS_STANDARD_INCLUDING_64_BIT)";
				BUNDLE_LOADER = "$(BUILT_PRODUCTS_DIR)/NMPRemote.app/NMPRemote";
				FRAMEWORK_SEARCH_PATHS = (
					"$(SDKROOT)/Developer/Library/Frameworks",
					"$(inherited)",
					"$(DEVELOPER_FRAMEWORKS_DIR)",
				);
				GCC_PRECOMPILE_PREFIX_HEADER = YES;
				GCC_PREFIX_HEADER = "NMPRemote/NMPRemote-Prefix.pch";
				INFOPLIST_FILE = "NMPRemoteTests/NMPRemoteTests-Info.plist";
				PRODUCT_NAME = "$(TARGET_NAME)";
				TEST_HOST = "$(BUNDLE_LOADER)";
				WRAPPER_EXTENSION = xctest;
			};
			name = Release;
		};
/* End XCBuildConfiguration section */

/* Begin XCConfigurationList section */
		22CEC04A18B796920031DB99 /* Build configuration list for PBXProject "NMPRemote" */ = {
			isa = XCConfigurationList;
			buildConfigurations = (
				22CEC07F18B796930031DB99 /* Debug */,
				22CEC08018B796930031DB99 /* Release */,
			);
			defaultConfigurationIsVisible = 0;
			defaultConfigurationName = Release;
		};
		22CEC08118B796930031DB99 /* Build configuration list for PBXNativeTarget "NMPRemote" */ = {
			isa = XCConfigurationList;
			buildConfigurations = (
				22CEC08218B796930031DB99 /* Debug */,
				22CEC08318B796930031DB99 /* Release */,
			);
			defaultConfigurationIsVisible = 0;
			defaultConfigurationName = Release;
		};
		22CEC08418B796930031DB99 /* Build configuration list for PBXNativeTarget "NMPRemoteTests" */ = {
			isa = XCConfigurationList;
			buildConfigurations = (
				22CEC08518B796930031DB99 /* Debug */,
				22CEC08618B796930031DB99 /* Release */,
			);
			defaultConfigurationIsVisible = 0;
			defaultConfigurationName = Release;
		};
/* End XCConfigurationList section */
	};
	rootObject = 22CEC04718B796920031DB99 /* Project object */;
}
